# THIS IS AN AUTOGENERATED FILE. DO NOT EDIT THIS FILE DIRECTLY.
# yarn lockfile v1


asap@~2.0.3:
  version "2.0.6"
  resolved "https://registry.yarnpkg.com/asap/-/asap-2.0.6.tgz#e50347611d7e690943208bbdafebcbc2fb866d46"

dateformat@^3.0.2:
  version "3.0.2"
  resolved "https://registry.yarnpkg.com/dateformat/-/dateformat-3.0.2.tgz#9a4df4bff158ac2f34bc637abdb15471607e1659"

escape-html@^1.0.3:
  version "1.0.3"
  resolved "https://registry.yarnpkg.com/escape-html/-/escape-html-1.0.3.tgz#0258eae4d3d0c0974de1c169188ef0051d1d1988"

nodegit-promise@~4.0.0:
  version "4.0.0"
  resolved "https://registry.yarnpkg.com/nodegit-promise/-/nodegit-promise-4.0.0.tgz#5722b184f2df7327161064a791d2e842c9167b34"
  dependencies:
    asap "~2.0.3"

object-assign@^4.0.1:
  version "4.1.1"
  resolved "https://registry.yarnpkg.com/object-assign/-/object-assign-4.1.1.tgz#2109adc7965887cfc05cbbd442cac8bfbb360863"

promisify-node@^0.4.0:
  version "0.4.0"
  resolved "https://registry.yarnpkg.com/promisify-node/-/promisify-node-0.4.0.tgz#32803874ec411784e4786c339902a87a179a469c"
  dependencies:
    nodegit-promise "~4.0.0"
    object-assign "^4.0.1"

sax@>=0.6.0:
  version "1.2.4"
  resolved "https://registry.yarnpkg.com/sax/-/sax-1.2.4.tgz#2816234e2378bddc4e5354fab5caa895df7100d9"

xml2js@^0.4.19:
  version "0.4.19"
  resolved "https://registry.yarnpkg.com/xml2js/-/xml2js-0.4.19.tgz#686c20f213209e94abf0d1bcf1efaa291c7827a7"
  dependencies:
    sax ">=0.6.0"
    xmlbuilder "~9.0.1"

xmlbuilder@~9.0.1:
  version "9.0.4"
  resolved "https://registry.yarnpkg.com/xmlbuilder/-/xmlbuilder-9.0.4.tgz#519cb4ca686d005a8420d3496f3f0caeecca580f"
